'CodeQ.Site:Content.Image.Block':
  superTypes:
    'Neos.Neos:Content': true
    'CodeQ.Site:Constraint.Content.Block': true
    'CodeQ.Site:Mixin.SpaceBelow.DefaultNone': true
  ui:
    label: Image
    icon: picture
    group: general
    position: 300
    inlineEditable: true
  properties:
    image:
      options:
        preset: 'image.asset'
    alternativeText:
      options:
        preset: 'image.alternativeText'
