'CodeQ.Site:Content.Text.Block':
  superTypes:
    'Neos.Neos:Content': true
    'CodeQ.Site:Constraint.Content.Block': true
    'CodeQ.Site:Mixin.SpaceBelow': true
  ui:
    label: Text
    icon: align-left
    group: general
    position: 100
  properties:
    spaceBelow:
      defaultValue: 'none'
    text:
      options:
        preset: 'text.free'
